
Microsoft Visual Studio Solution File, Format Version 12.00
# Visual Studio 15
VisualStudioVersion = 15.0.27004.2005
MinimumVisualStudioVersion = 10.0.40219.1
Project("{888888A0-9F3D-457C-B088-3A5042F75D52}") = "P3_008_MergeSort", "P3_008_MergeSort\P3_008_MergeSort.pyproj", "{52043192-B81F-452B-B642-37C6D55435D0}"
EndProject
Global
	GlobalSection(SolutionConfigurationPlatforms) = preSolution
		Debug|Any CPU = Debug|Any CPU
		Release|Any CPU = Release|Any CPU
	EndGlobalSection
	GlobalSection(ProjectConfigurationPlatforms) = postSolution
		{52043192-B81F-452B-B642-37C6D55435D0}.Debug|Any CPU.ActiveCfg = Debug|Any CPU
		{52043192-B81F-452B-B642-37C6D55435D0}.Release|Any CPU.ActiveCfg = Release|Any CPU
	EndGlobalSection
	GlobalSection(SolutionProperties) = preSolution
		HideSolutionNode = FALSE
	EndGlobalSection
	GlobalSection(ExtensibilityGlobals) = postSolution
		SolutionGuid = {AC115845-35BB-40CC-B3F1-CF5FA227FF76}
	EndGlobalSection
EndGlobal
