
Microsoft Visual Studio Solution File, Format Version 12.00
# Visual Studio 15
VisualStudioVersion = 15.0.27004.2005
MinimumVisualStudioVersion = 10.0.40219.1
Project("{888888A0-9F3D-457C-B088-3A5042F75D52}") = "P3_004_02R-L", "P3_004_02R-L\P3_004_02R-L.pyproj", "{DEF083D3-4DF3-4277-ABC5-0D4D739C4787}"
EndProject
Global
	GlobalSection(SolutionConfigurationPlatforms) = preSolution
		Debug|Any CPU = Debug|Any CPU
		Release|Any CPU = Release|Any CPU
	EndGlobalSection
	GlobalSection(ProjectConfigurationPlatforms) = postSolution
		{DEF083D3-4DF3-4277-ABC5-0D4D739C4787}.Debug|Any CPU.ActiveCfg = Debug|Any CPU
		{DEF083D3-4DF3-4277-ABC5-0D4D739C4787}.Release|Any CPU.ActiveCfg = Release|Any CPU
	EndGlobalSection
	GlobalSection(SolutionProperties) = preSolution
		HideSolutionNode = FALSE
	EndGlobalSection
	GlobalSection(ExtensibilityGlobals) = postSolution
		SolutionGuid = {6A76DF89-C240-446D-8033-1C1D528C2680}
	EndGlobalSection
EndGlobal
