
Microsoft Visual Studio Solution File, Format Version 12.00
# Visual Studio 15
VisualStudioVersion = 15.0.27130.2027
MinimumVisualStudioVersion = 10.0.40219.1
Project("{888888A0-9F3D-457C-B088-3A5042F75D52}") = "P3_000_FirstSteps", "P3_000_FirstSteps\P3_000_FirstSteps.pyproj", "{BB7950DA-258F-4992-A98C-9B5F92E3FA37}"
EndProject
Global
	GlobalSection(SolutionConfigurationPlatforms) = preSolution
		Debug|Any CPU = Debug|Any CPU
		Release|Any CPU = Release|Any CPU
	EndGlobalSection
	GlobalSection(ProjectConfigurationPlatforms) = postSolution
		{BB7950DA-258F-4992-A98C-9B5F92E3FA37}.Debug|Any CPU.ActiveCfg = Debug|Any CPU
		{BB7950DA-258F-4992-A98C-9B5F92E3FA37}.Release|Any CPU.ActiveCfg = Release|Any CPU
	EndGlobalSection
	GlobalSection(SolutionProperties) = preSolution
		HideSolutionNode = FALSE
	EndGlobalSection
	GlobalSection(ExtensibilityGlobals) = postSolution
		SolutionGuid = {CFDF03B1-9ADD-4495-BA1F-863CB96E8EB6}
	EndGlobalSection
EndGlobal
